// !$*UTF8*$!
{
	archiveVersion = 1;
	classes = {
	};
	objectVersion = 56;
	objects = {

/* Begin PBXBuildFile section */
		B3E5C1DB298A3099005AD5B6 /* AppDelegate.swift in Sources */ = {isa = PBXBuildFile; fileRef = B3E5C1DA298A3099005AD5B6 /* AppDelegate.swift */; };
		B3E5C1DD298A3099005AD5B6 /* SceneDelegate.swift in Sources */ = {isa = PBXBuildFile; fileRef = B3E5C1DC298A3099005AD5B6 /* SceneDelegate.swift */; };
		B3E5C1E4298A309A005AD5B6 /* Assets.xcassets in Resources */ = {isa = PBXBuildFile; fileRef = B3E5C1E3298A309A005AD5B6 /* Assets.xcassets */; };
		B3E5C1E7298A309A005AD5B6 /* LaunchScreen.storyboard in Resources */ = {isa = PBXBuildFile; fileRef = B3E5C1E5298A309A005AD5B6 /* LaunchScreen.storyboard */; };
		B3E5C1F0298A318E005AD5B6 /* RxCocoa in Frameworks */ = {isa = PBXBuildFile; productRef = B3E5C1EF298A318E005AD5B6 /* RxCocoa */; };
		B3E5C1F2298A318E005AD5B6 /* RxRelay in Frameworks */ = {isa = PBXBuildFile; productRef = B3E5C1F1298A318E005AD5B6 /* RxRelay */; };
		B3E5C1F4298A318E005AD5B6 /* RxSwift in Frameworks */ = {isa = PBXBuildFile; productRef = B3E5C1F3298A318E005AD5B6 /* RxSwift */; };
		B3E5C1F7298A31D3005AD5B6 /* Kingfisher in Frameworks */ = {isa = PBXBuildFile; productRef = B3E5C1F6298A31D3005AD5B6 /* Kingfisher */; };
		B3E5C1FA298A31E6005AD5B6 /* SnapKit in Frameworks */ = {isa = PBXBuildFile; productRef = B3E5C1F9298A31E6005AD5B6 /* SnapKit */; };
		B3E5C1FC298A3283005AD5B6 /* MainViewController.swift in Sources */ = {isa = PBXBuildFile; fileRef = B3E5C1FB298A3283005AD5B6 /* MainViewController.swift */; };
		B3E5C1FE298A3578005AD5B6 /* SearchBar.swift in Sources */ = {isa = PBXBuildFile; fileRef = B3E5C1FD298A3578005AD5B6 /* SearchBar.swift */; };
		B3E5C200298A5974005AD5B6 /* FilterView.swift in Sources */ = {isa = PBXBuildFile; fileRef = B3E5C1FF298A5974005AD5B6 /* FilterView.swift */; };
		B3E5C205298A5B7F005AD5B6 /* BlogListCell.swift in Sources */ = {isa = PBXBuildFile; fileRef = B3E5C203298A5B7F005AD5B6 /* BlogListCell.swift */; };
		B3E5C206298A5B7F005AD5B6 /* BlogListView.swift in Sources */ = {isa = PBXBuildFile; fileRef = B3E5C204298A5B7F005AD5B6 /* BlogListView.swift */; };
		B3E5C208298A5B8A005AD5B6 /* BlogListCellData.swift in Sources */ = {isa = PBXBuildFile; fileRef = B3E5C207298A5B8A005AD5B6 /* BlogListCellData.swift */; };
/* End PBXBuildFile section */

/* Begin PBXFileReference section */
		B3E5C1D7298A3099005AD5B6 /* SearchDaumBlog.app */ = {isa = PBXFileReference; explicitFileType = wrapper.application; includeInIndex = 0; path = SearchDaumBlog.app; sourceTree = BUILT_PRODUCTS_DIR; };
		B3E5C1DA298A3099005AD5B6 /* AppDelegate.swift */ = {isa = PBXFileReference; lastKnownFileType = sourcecode.swift; path = AppDelegate.swift; sourceTree = "<group>"; };
		B3E5C1DC298A3099005AD5B6 /* SceneDelegate.swift */ = {isa = PBXFileReference; lastKnownFileType = sourcecode.swift; path = SceneDelegate.swift; sourceTree = "<group>"; };
		B3E5C1E3298A309A005AD5B6 /* Assets.xcassets */ = {isa = PBXFileReference; lastKnownFileType = folder.assetcatalog; path = Assets.xcassets; sourceTree = "<group>"; };
		B3E5C1E6298A309A005AD5B6 /* Base */ = {isa = PBXFileReference; lastKnownFileType = file.storyboard; name = Base; path = Base.lproj/LaunchScreen.storyboard; sourceTree = "<group>"; };
		B3E5C1E8298A309A005AD5B6 /* Info.plist */ = {isa = PBXFileReference; lastKnownFileType = text.plist.xml; path = Info.plist; sourceTree = "<group>"; };
		B3E5C1FB298A3283005AD5B6 /* MainViewController.swift */ = {isa = PBXFileReference; lastKnownFileType = sourcecode.swift; path = MainViewController.swift; sourceTree = "<group>"; };
		B3E5C1FD298A3578005AD5B6 /* SearchBar.swift */ = {isa = PBXFileReference; lastKnownFileType = sourcecode.swift; path = SearchBar.swift; sourceTree = "<group>"; };
		B3E5C1FF298A5974005AD5B6 /* FilterView.swift */ = {isa = PBXFileReference; lastKnownFileType = sourcecode.swift; path = FilterView.swift; sourceTree = "<group>"; };
		B3E5C203298A5B7F005AD5B6 /* BlogListCell.swift */ = {isa = PBXFileReference; fileEncoding = 4; lastKnownFileType = sourcecode.swift; path = BlogListCell.swift; sourceTree = "<group>"; };
		B3E5C204298A5B7F005AD5B6 /* BlogListView.swift */ = {isa = PBXFileReference; fileEncoding = 4; lastKnownFileType = sourcecode.swift; path = BlogListView.swift; sourceTree = "<group>"; };
		B3E5C207298A5B8A005AD5B6 /* BlogListCellData.swift */ = {isa = PBXFileReference; fileEncoding = 4; lastKnownFileType = sourcecode.swift; path = BlogListCellData.swift; sourceTree = "<group>"; };
/* End PBXFileReference section */

/* Begin PBXFrameworksBuildPhase section */
		B3E5C1D4298A3099005AD5B6 /* Frameworks */ = {
			isa = PBXFrameworksBuildPhase;
			buildActionMask = 2147483647;
			files = (
				B3E5C1F7298A31D3005AD5B6 /* Kingfisher in Frameworks */,
				B3E5C1F4298A318E005AD5B6 /* RxSwift in Frameworks */,
				B3E5C1F2298A318E005AD5B6 /* RxRelay in Frameworks */,
				B3E5C1F0298A318E005AD5B6 /* RxCocoa in Frameworks */,
				B3E5C1FA298A31E6005AD5B6 /* SnapKit in Frameworks */,
			);
			runOnlyForDeploymentPostprocessing = 0;
		};
/* End PBXFrameworksBuildPhase section */

/* Begin PBXGroup section */
		B3E5C1CE298A3098005AD5B6 = {
			isa = PBXGroup;
			children = (
				B3E5C1D9298A3099005AD5B6 /* SearchDaumBlog */,
				B3E5C1D8298A3099005AD5B6 /* Products */,
			);
			sourceTree = "<group>";
		};
		B3E5C1D8298A3099005AD5B6 /* Products */ = {
			isa = PBXGroup;
			children = (
				B3E5C1D7298A3099005AD5B6 /* SearchDaumBlog.app */,
			);
			name = Products;
			sourceTree = "<group>";
		};
		B3E5C1D9298A3099005AD5B6 /* SearchDaumBlog */ = {
			isa = PBXGroup;
			children = (
				B3E5C1DA298A3099005AD5B6 /* AppDelegate.swift */,
				B3E5C1DC298A3099005AD5B6 /* SceneDelegate.swift */,
				B3E5C201298A5B47005AD5B6 /* Presentation */,
				B3E5C202298A5B63005AD5B6 /* Entities */,
				B3E5C1E3298A309A005AD5B6 /* Assets.xcassets */,
				B3E5C1E5298A309A005AD5B6 /* LaunchScreen.storyboard */,
				B3E5C1E8298A309A005AD5B6 /* Info.plist */,
			);
			path = SearchDaumBlog;
			sourceTree = "<group>";
		};
		B3E5C201298A5B47005AD5B6 /* Presentation */ = {
			isa = PBXGroup;
			children = (
				B3E5C1FB298A3283005AD5B6 /* MainViewController.swift */,
				B3E5C209298A6152005AD5B6 /* SubComponents */,
			);
			path = Presentation;
			sourceTree = "<group>";
		};
		B3E5C202298A5B63005AD5B6 /* Entities */ = {
			isa = PBXGroup;
			children = (
				B3E5C207298A5B8A005AD5B6 /* BlogListCellData.swift */,
			);
			path = Entities;
			sourceTree = "<group>";
		};
		B3E5C209298A6152005AD5B6 /* SubComponents */ = {
			isa = PBXGroup;
			children = (
				B3E5C1FD298A3578005AD5B6 /* SearchBar.swift */,
				B3E5C1FF298A5974005AD5B6 /* FilterView.swift */,
				B3E5C203298A5B7F005AD5B6 /* BlogListCell.swift */,
				B3E5C204298A5B7F005AD5B6 /* BlogListView.swift */,
			);
			path = SubComponents;
			sourceTree = "<group>";
		};
/* End PBXGroup section */

/* Begin PBXNativeTarget section */
		B3E5C1D6298A3099005AD5B6 /* SearchDaumBlog */ = {
			isa = PBXNativeTarget;
			buildConfigurationList = B3E5C1EB298A309A005AD5B6 /* Build configuration list for PBXNativeTarget "SearchDaumBlog" */;
			buildPhases = (
				B3E5C1D3298A3099005AD5B6 /* Sources */,
				B3E5C1D4298A3099005AD5B6 /* Frameworks */,
				B3E5C1D5298A3099005AD5B6 /* Resources */,
			);
			buildRules = (
			);
			dependencies = (
			);
			name = SearchDaumBlog;
			packageProductDependencies = (
				B3E5C1EF298A318E005AD5B6 /* RxCocoa */,
				B3E5C1F1298A318E005AD5B6 /* RxRelay */,
				B3E5C1F3298A318E005AD5B6 /* RxSwift */,
				B3E5C1F6298A31D3005AD5B6 /* Kingfisher */,
				B3E5C1F9298A31E6005AD5B6 /* SnapKit */,
			);
			productName = SearchDaumBlog;
			productReference = B3E5C1D7298A3099005AD5B6 /* SearchDaumBlog.app */;
			productType = "com.apple.product-type.application";
		};
/* End PBXNativeTarget section */

/* Begin PBXProject section */
		B3E5C1CF298A3098005AD5B6 /* Project object */ = {
			isa = PBXProject;
			attributes = {
				BuildIndependentTargetsInParallel = 1;
				LastSwiftUpdateCheck = 1420;
				LastUpgradeCheck = 1420;
				TargetAttributes = {
					B3E5C1D6298A3099005AD5B6 = {
						CreatedOnToolsVersion = 14.2;
					};
				};
			};
			buildConfigurationList = B3E5C1D2298A3098005AD5B6 /* Build configuration list for PBXProject "SearchDaumBlog" */;
			compatibilityVersion = "Xcode 14.0";
			developmentRegion = en;
			hasScannedForEncodings = 0;
			knownRegions = (
				en,
				Base,
			);
			mainGroup = B3E5C1CE298A3098005AD5B6;
			packageReferences = (
				B3E5C1EE298A318E005AD5B6 /* XCRemoteSwiftPackageReference "RxSwift" */,
				B3E5C1F5298A31D3005AD5B6 /* XCRemoteSwiftPackageReference "Kingfisher" */,
				B3E5C1F8298A31E6005AD5B6 /* XCRemoteSwiftPackageReference "SnapKit" */,
			);
			productRefGroup = B3E5C1D8298A3099005AD5B6 /* Products */;
			projectDirPath = "";
			projectRoot = "";
			targets = (
				B3E5C1D6298A3099005AD5B6 /* SearchDaumBlog */,
			);
		};
/* End PBXProject section */

/* Begin PBXResourcesBuildPhase section */
		B3E5C1D5298A3099005AD5B6 /* Resources */ = {
			isa = PBXResourcesBuildPhase;
			buildActionMask = 2147483647;
			files = (
				B3E5C1E7298A309A005AD5B6 /* LaunchScreen.storyboard in Resources */,
				B3E5C1E4298A309A005AD5B6 /* Assets.xcassets in Resources */,
			);
			runOnlyForDeploymentPostprocessing = 0;
		};
/* End PBXResourcesBuildPhase section */

/* Begin PBXSourcesBuildPhase section */
		B3E5C1D3298A3099005AD5B6 /* Sources */ = {
			isa = PBXSourcesBuildPhase;
			buildActionMask = 2147483647;
			files = (
				B3E5C1FC298A3283005AD5B6 /* MainViewController.swift in Sources */,
				B3E5C206298A5B7F005AD5B6 /* BlogListView.swift in Sources */,
				B3E5C1FE298A3578005AD5B6 /* SearchBar.swift in Sources */,
				B3E5C208298A5B8A005AD5B6 /* BlogListCellData.swift in Sources */,
				B3E5C1DB298A3099005AD5B6 /* AppDelegate.swift in Sources */,
				B3E5C205298A5B7F005AD5B6 /* BlogListCell.swift in Sources */,
				B3E5C200298A5974005AD5B6 /* FilterView.swift in Sources */,
				B3E5C1DD298A3099005AD5B6 /* SceneDelegate.swift in Sources */,
			);
			runOnlyForDeploymentPostprocessing = 0;
		};
/* End PBXSourcesBuildPhase section */

/* Begin PBXVariantGroup section */
		B3E5C1E5298A309A005AD5B6 /* LaunchScreen.storyboard */ = {
			isa = PBXVariantGroup;
			children = (
				B3E5C1E6298A309A005AD5B6 /* Base */,
			);
			name = LaunchScreen.storyboard;
			sourceTree = "<group>";
		};
/* End PBXVariantGroup section */

/* Begin XCBuildConfiguration section */
		B3E5C1E9298A309A005AD5B6 /* Debug */ = {
			isa = XCBuildConfiguration;
			buildSettings = {
				ALWAYS_SEARCH_USER_PATHS = NO;
				CLANG_ANALYZER_NONNULL = YES;
				CLANG_ANALYZER_NUMBER_OBJECT_CONVERSION = YES_AGGRESSIVE;
				CLANG_CXX_LANGUAGE_STANDARD = "gnu++20";
				CLANG_ENABLE_MODULES = YES;
				CLANG_ENABLE_OBJC_ARC = YES;
				CLANG_ENABLE_OBJC_WEAK = YES;
				CLANG_WARN_BLOCK_CAPTURE_AUTORELEASING = YES;
				CLANG_WARN_BOOL_CONVERSION = YES;
				CLANG_WARN_COMMA = YES;
				CLANG_WARN_CONSTANT_CONVERSION = YES;
				CLANG_WARN_DEPRECATED_OBJC_IMPLEMENTATIONS = YES;
				CLANG_WARN_DIRECT_OBJC_ISA_USAGE = YES_ERROR;
				CLANG_WARN_DOCUMENTATION_COMMENTS = YES;
				CLANG_WARN_EMPTY_BODY = YES;
				CLANG_WARN_ENUM_CONVERSION = YES;
				CLANG_WARN_INFINITE_RECURSION = YES;
				CLANG_WARN_INT_CONVERSION = YES;
				CLANG_WARN_NON_LITERAL_NULL_CONVERSION = YES;
				CLANG_WARN_OBJC_IMPLICIT_RETAIN_SELF = YES;
				CLANG_WARN_OBJC_LITERAL_CONVERSION = YES;
				CLANG_WARN_OBJC_ROOT_CLASS = YES_ERROR;
				CLANG_WARN_QUOTED_INCLUDE_IN_FRAMEWORK_HEADER = YES;
				CLANG_WARN_RANGE_LOOP_ANALYSIS = YES;
				CLANG_WARN_STRICT_PROTOTYPES = YES;
				CLANG_WARN_SUSPICIOUS_MOVE = YES;
				CLANG_WARN_UNGUARDED_AVAILABILITY = YES_AGGRESSIVE;
				CLANG_WARN_UNREACHABLE_CODE = YES;
				CLANG_WARN__DUPLICATE_METHOD_MATCH = YES;
				COPY_PHASE_STRIP = NO;
				DEBUG_INFORMATION_FORMAT = dwarf;
				ENABLE_STRICT_OBJC_MSGSEND = YES;
				ENABLE_TESTABILITY = YES;
				GCC_C_LANGUAGE_STANDARD = gnu11;
				GCC_DYNAMIC_NO_PIC = NO;
				GCC_NO_COMMON_BLOCKS = YES;
				GCC_OPTIMIZATION_LEVEL = 0;
				GCC_PREPROCESSOR_DEFINITIONS = (
					"DEBUG=1",
					"$(inherited)",
				);
				GCC_WARN_64_TO_32_BIT_CONVERSION = YES;
				GCC_WARN_ABOUT_RETURN_TYPE = YES_ERROR;
				GCC_WARN_UNDECLARED_SELECTOR = YES;
				GCC_WARN_UNINITIALIZED_AUTOS = YES_AGGRESSIVE;
				GCC_WARN_UNUSED_FUNCTION = YES;
				GCC_WARN_UNUSED_VARIABLE = YES;
				IPHONEOS_DEPLOYMENT_TARGET = 16.2;
				MTL_ENABLE_DEBUG_INFO = INCLUDE_SOURCE;
				MTL_FAST_MATH = YES;
				ONLY_ACTIVE_ARCH = YES;
				SDKROOT = iphoneos;
				SWIFT_ACTIVE_COMPILATION_CONDITIONS = DEBUG;
				SWIFT_OPTIMIZATION_LEVEL = "-Onone";
			};
			name = Debug;
		};
		B3E5C1EA298A309A005AD5B6 /* Release */ = {
			isa = XCBuildConfiguration;
			buildSettings = {
				ALWAYS_SEARCH_USER_PATHS = NO;
				CLANG_ANALYZER_NONNULL = YES;
				CLANG_ANALYZER_NUMBER_OBJECT_CONVERSION = YES_AGGRESSIVE;
				CLANG_CXX_LANGUAGE_STANDARD = "gnu++20";
				CLANG_ENABLE_MODULES = YES;
				CLANG_ENABLE_OBJC_ARC = YES;
				CLANG_ENABLE_OBJC_WEAK = YES;
				CLANG_WARN_BLOCK_CAPTURE_AUTORELEASING = YES;
				CLANG_WARN_BOOL_CONVERSION = YES;
				CLANG_WARN_COMMA = YES;
				CLANG_WARN_CONSTANT_CONVERSION = YES;
				CLANG_WARN_DEPRECATED_OBJC_IMPLEMENTATIONS = YES;
				CLANG_WARN_DIRECT_OBJC_ISA_USAGE = YES_ERROR;
				CLANG_WARN_DOCUMENTATION_COMMENTS = YES;
				CLANG_WARN_EMPTY_BODY = YES;
				CLANG_WARN_ENUM_CONVERSION = YES;
				CLANG_WARN_INFINITE_RECURSION = YES;
				CLANG_WARN_INT_CONVERSION = YES;
				CLANG_WARN_NON_LITERAL_NULL_CONVERSION = YES;
				CLANG_WARN_OBJC_IMPLICIT_RETAIN_SELF = YES;
				CLANG_WARN_OBJC_LITERAL_CONVERSION = YES;
				CLANG_WARN_OBJC_ROOT_CLASS = YES_ERROR;
				CLANG_WARN_QUOTED_INCLUDE_IN_FRAMEWORK_HEADER = YES;
				CLANG_WARN_RANGE_LOOP_ANALYSIS = YES;
				CLANG_WARN_STRICT_PROTOTYPES = YES;
				CLANG_WARN_SUSPICIOUS_MOVE = YES;
				CLANG_WARN_UNGUARDED_AVAILABILITY = YES_AGGRESSIVE;
				CLANG_WARN_UNREACHABLE_CODE = YES;
				CLANG_WARN__DUPLICATE_METHOD_MATCH = YES;
				COPY_PHASE_STRIP = NO;
				DEBUG_INFORMATION_FORMAT = "dwarf-with-dsym";
				ENABLE_NS_ASSERTIONS = NO;
				ENABLE_STRICT_OBJC_MSGSEND = YES;
				GCC_C_LANGUAGE_STANDARD = gnu11;
				GCC_NO_COMMON_BLOCKS = YES;
				GCC_WARN_64_TO_32_BIT_CONVERSION = YES;
				GCC_WARN_ABOUT_RETURN_TYPE = YES_ERROR;
				GCC_WARN_UNDECLARED_SELECTOR = YES;
				GCC_WARN_UNINITIALIZED_AUTOS = YES_AGGRESSIVE;
				GCC_WARN_UNUSED_FUNCTION = YES;
				GCC_WARN_UNUSED_VARIABLE = YES;
				IPHONEOS_DEPLOYMENT_TARGET = 16.2;
				MTL_ENABLE_DEBUG_INFO = NO;
				MTL_FAST_MATH = YES;
				SDKROOT = iphoneos;
				SWIFT_COMPILATION_MODE = wholemodule;
				SWIFT_OPTIMIZATION_LEVEL = "-O";
				VALIDATE_PRODUCT = YES;
			};
			name = Release;
		};
		B3E5C1EC298A309A005AD5B6 /* Debug */ = {
			isa = XCBuildConfiguration;
			buildSettings = {
				ASSETCATALOG_COMPILER_APPICON_NAME = AppIcon;
				ASSETCATALOG_COMPILER_GLOBAL_ACCENT_COLOR_NAME = AccentColor;
				CODE_SIGN_STYLE = Automatic;
				CURRENT_PROJECT_VERSION = 1;
				DEVELOPMENT_TEAM = 2DBARTRT37;
				GENERATE_INFOPLIST_FILE = YES;
				INFOPLIST_FILE = SearchDaumBlog/Info.plist;
				INFOPLIST_KEY_UIApplicationSupportsIndirectInputEvents = YES;
				INFOPLIST_KEY_UILaunchStoryboardName = LaunchScreen;
				INFOPLIST_KEY_UIMainStoryboardFile = Main;
				INFOPLIST_KEY_UISupportedInterfaceOrientations_iPad = "UIInterfaceOrientationPortrait UIInterfaceOrientationPortraitUpsideDown UIInterfaceOrientationLandscapeLeft UIInterfaceOrientationLandscapeRight";
				INFOPLIST_KEY_UISupportedInterfaceOrientations_iPhone = "UIInterfaceOrientationPortrait UIInterfaceOrientationLandscapeLeft UIInterfaceOrientationLandscapeRight";
				LD_RUNPATH_SEARCH_PATHS = (
					"$(inherited)",
					"@executable_path/Frameworks",
				);
				MARKETING_VERSION = 1.0;
				PRODUCT_BUNDLE_IDENTIFIER = com.wony.SearchDaumBlog;
				PRODUCT_NAME = "$(TARGET_NAME)";
				SWIFT_EMIT_LOC_STRINGS = YES;
				SWIFT_VERSION = 5.0;
				TARGETED_DEVICE_FAMILY = "1,2";
			};
			name = Debug;
		};
		B3E5C1ED298A309A005AD5B6 /* Release */ = {
			isa = XCBuildConfiguration;
			buildSettings = {
				ASSETCATALOG_COMPILER_APPICON_NAME = AppIcon;
				ASSETCATALOG_COMPILER_GLOBAL_ACCENT_COLOR_NAME = AccentColor;
				CODE_SIGN_STYLE = Automatic;
				CURRENT_PROJECT_VERSION = 1;
				DEVELOPMENT_TEAM = 2DBARTRT37;
				GENERATE_INFOPLIST_FILE = YES;
				INFOPLIST_FILE = SearchDaumBlog/Info.plist;
				INFOPLIST_KEY_UIApplicationSupportsIndirectInputEvents = YES;
				INFOPLIST_KEY_UILaunchStoryboardName = LaunchScreen;
				INFOPLIST_KEY_UIMainStoryboardFile = Main;
				INFOPLIST_KEY_UISupportedInterfaceOrientations_iPad = "UIInterfaceOrientationPortrait UIInterfaceOrientationPortraitUpsideDown UIInterfaceOrientationLandscapeLeft UIInterfaceOrientationLandscapeRight";
				INFOPLIST_KEY_UISupportedInterfaceOrientations_iPhone = "UIInterfaceOrientationPortrait UIInterfaceOrientationLandscapeLeft UIInterfaceOrientationLandscapeRight";
				LD_RUNPATH_SEARCH_PATHS = (
					"$(inherited)",
					"@executable_path/Frameworks",
				);
				MARKETING_VERSION = 1.0;
				PRODUCT_BUNDLE_IDENTIFIER = com.wony.SearchDaumBlog;
				PRODUCT_NAME = "$(TARGET_NAME)";
				SWIFT_EMIT_LOC_STRINGS = YES;
				SWIFT_VERSION = 5.0;
				TARGETED_DEVICE_FAMILY = "1,2";
			};
			name = Release;
		};
/* End XCBuildConfiguration section */

/* Begin XCConfigurationList section */
		B3E5C1D2298A3098005AD5B6 /* Build configuration list for PBXProject "SearchDaumBlog" */ = {
			isa = XCConfigurationList;
			buildConfigurations = (
				B3E5C1E9298A309A005AD5B6 /* Debug */,
				B3E5C1EA298A309A005AD5B6 /* Release */,
			);
			defaultConfigurationIsVisible = 0;
			defaultConfigurationName = Release;
		};
		B3E5C1EB298A309A005AD5B6 /* Build configuration list for PBXNativeTarget "SearchDaumBlog" */ = {
			isa = XCConfigurationList;
			buildConfigurations = (
				B3E5C1EC298A309A005AD5B6 /* Debug */,
				B3E5C1ED298A309A005AD5B6 /* Release */,
			);
			defaultConfigurationIsVisible = 0;
			defaultConfigurationName = Release;
		};
/* End XCConfigurationList section */

/* Begin XCRemoteSwiftPackageReference section */
		B3E5C1EE298A318E005AD5B6 /* XCRemoteSwiftPackageReference "RxSwift" */ = {
			isa = XCRemoteSwiftPackageReference;
			repositoryURL = "https://github.com/ReactiveX/RxSwift.git";
			requirement = {
				kind = upToNextMajorVersion;
				minimumVersion = 6.0.0;
			};
		};
		B3E5C1F5298A31D3005AD5B6 /* XCRemoteSwiftPackageReference "Kingfisher" */ = {
			isa = XCRemoteSwiftPackageReference;
			repositoryURL = "https://github.com/onevcat/Kingfisher.git";
			requirement = {
				kind = upToNextMajorVersion;
				minimumVersion = 7.0.0;
			};
		};
		B3E5C1F8298A31E6005AD5B6 /* XCRemoteSwiftPackageReference "SnapKit" */ = {
			isa = XCRemoteSwiftPackageReference;
			repositoryURL = "https://github.com/SnapKit/SnapKit.git";
			requirement = {
				kind = upToNextMajorVersion;
				minimumVersion = 5.0.0;
			};
		};
/* End XCRemoteSwiftPackageReference section */

/* Begin XCSwiftPackageProductDependency section */
		B3E5C1EF298A318E005AD5B6 /* RxCocoa */ = {
			isa = XCSwiftPackageProductDependency;
			package = B3E5C1EE298A318E005AD5B6 /* XCRemoteSwiftPackageReference "RxSwift" */;
			productName = RxCocoa;
		};
		B3E5C1F1298A318E005AD5B6 /* RxRelay */ = {
			isa = XCSwiftPackageProductDependency;
			package = B3E5C1EE298A318E005AD5B6 /* XCRemoteSwiftPackageReference "RxSwift" */;
			productName = RxRelay;
		};
		B3E5C1F3298A318E005AD5B6 /* RxSwift */ = {
			isa = XCSwiftPackageProductDependency;
			package = B3E5C1EE298A318E005AD5B6 /* XCRemoteSwiftPackageReference "RxSwift" */;
			productName = RxSwift;
		};
		B3E5C1F6298A31D3005AD5B6 /* Kingfisher */ = {
			isa = XCSwiftPackageProductDependency;
			package = B3E5C1F5298A31D3005AD5B6 /* XCRemoteSwiftPackageReference "Kingfisher" */;
			productName = Kingfisher;
		};
		B3E5C1F9298A31E6005AD5B6 /* SnapKit */ = {
			isa = XCSwiftPackageProductDependency;
			package = B3E5C1F8298A31E6005AD5B6 /* XCRemoteSwiftPackageReference "SnapKit" */;
			productName = SnapKit;
		};
/* End XCSwiftPackageProductDependency section */
	};
	rootObject = B3E5C1CF298A3098005AD5B6 /* Project object */;
}
